// !$*UTF8*$!
{
	archiveVersion = 1;
	classes = {
	};
	objectVersion = 55;
	objects = {

/* Begin PBXBuildFile section */
		9E21DB93296C3E6100A1767D /* AppDelegate.swift in Sources */ = {isa = PBXBuildFile; fileRef = 9E21DB92296C3E6100A1767D /* AppDelegate.swift */; };
		9E21DB95296C3E6100A1767D /* SceneDelegate.swift in Sources */ = {isa = PBXBuildFile; fileRef = 9E21DB94296C3E6100A1767D /* SceneDelegate.swift */; };
		9E21DB97296C3E6100A1767D /* ViewController.swift in Sources */ = {isa = PBXBuildFile; fileRef = 9E21DB96296C3E6100A1767D /* ViewController.swift */; };
		9E21DB9A296C3E6100A1767D /* Main.storyboard in Resources */ = {isa = PBXBuildFile; fileRef = 9E21DB98296C3E6100A1767D /* Main.storyboard */; };
		9E21DB9C296C3E6500A1767D /* Assets.xcassets in Resources */ = {isa = PBXBuildFile; fileRef = 9E21DB9B296C3E6500A1767D /* Assets.xcassets */; };
		9E21DB9F296C3E6500A1767D /* LaunchScreen.storyboard in Resources */ = {isa = PBXBuildFile; fileRef = 9E21DB9D296C3E6500A1767D /* LaunchScreen.storyboard */; };
		9ED2026A2972852500C454DF /* simpleCalculatorTests.swift in Sources */ = {isa = PBXBuildFile; fileRef = 9ED202692972852500C454DF /* simpleCalculatorTests.swift */; };
		9ED202712972858500C454DF /* calculatorTests.swift in Sources */ = {isa = PBXBuildFile; fileRef = 9ED202702972858500C454DF /* calculatorTests.swift */; };
		9ED202792972878A00C454DF /* simpleCalculatorUITests.swift in Sources */ = {isa = PBXBuildFile; fileRef = 9ED202782972878A00C454DF /* simpleCalculatorUITests.swift */; };
		9ED2027B2972878A00C454DF /* simpleCalculatorUITestsLaunchTests.swift in Sources */ = {isa = PBXBuildFile; fileRef = 9ED2027A2972878A00C454DF /* simpleCalculatorUITestsLaunchTests.swift */; };
/* End PBXBuildFile section */

/* Begin PBXContainerItemProxy section */
		9ED2026B2972852500C454DF /* PBXContainerItemProxy */ = {
			isa = PBXContainerItemProxy;
			containerPortal = 9E21DB87296C3E6100A1767D /* Project object */;
			proxyType = 1;
			remoteGlobalIDString = 9E21DB8E296C3E6100A1767D;
			remoteInfo = moarButtons;
		};
		9ED2027C2972878A00C454DF /* PBXContainerItemProxy */ = {
			isa = PBXContainerItemProxy;
			containerPortal = 9E21DB87296C3E6100A1767D /* Project object */;
			proxyType = 1;
			remoteGlobalIDString = 9E21DB8E296C3E6100A1767D;
			remoteInfo = moarButtons;
		};
/* End PBXContainerItemProxy section */

/* Begin PBXFileReference section */
		9E21DB8F296C3E6100A1767D /* moarButtons.app */ = {isa = PBXFileReference; explicitFileType = wrapper.application; includeInIndex = 0; path = moarButtons.app; sourceTree = BUILT_PRODUCTS_DIR; };
		9E21DB92296C3E6100A1767D /* AppDelegate.swift */ = {isa = PBXFileReference; lastKnownFileType = sourcecode.swift; path = AppDelegate.swift; sourceTree = "<group>"; };
		9E21DB94296C3E6100A1767D /* SceneDelegate.swift */ = {isa = PBXFileReference; lastKnownFileType = sourcecode.swift; path = SceneDelegate.swift; sourceTree = "<group>"; };
		9E21DB96296C3E6100A1767D /* ViewController.swift */ = {isa = PBXFileReference; lastKnownFileType = sourcecode.swift; path = ViewController.swift; sourceTree = "<group>"; };
		9E21DB99296C3E6100A1767D /* Base */ = {isa = PBXFileReference; lastKnownFileType = file.storyboard; name = Base; path = Base.lproj/Main.storyboard; sourceTree = "<group>"; };
		9E21DB9B296C3E6500A1767D /* Assets.xcassets */ = {isa = PBXFileReference; lastKnownFileType = folder.assetcatalog; path = Assets.xcassets; sourceTree = "<group>"; };
		9E21DB9E296C3E6500A1767D /* Base */ = {isa = PBXFileReference; lastKnownFileType = file.storyboard; name = Base; path = Base.lproj/LaunchScreen.storyboard; sourceTree = "<group>"; };
		9E21DBA0296C3E6500A1767D /* Info.plist */ = {isa = PBXFileReference; lastKnownFileType = text.plist.xml; path = Info.plist; sourceTree = "<group>"; };
		9ED202672972852500C454DF /* simpleCalculatorTests.xctest */ = {isa = PBXFileReference; explicitFileType = wrapper.cfbundle; includeInIndex = 0; path = simpleCalculatorTests.xctest; sourceTree = BUILT_PRODUCTS_DIR; };
		9ED202692972852500C454DF /* simpleCalculatorTests.swift */ = {isa = PBXFileReference; lastKnownFileType = sourcecode.swift; path = simpleCalculatorTests.swift; sourceTree = "<group>"; };
		9ED202702972858500C454DF /* calculatorTests.swift */ = {isa = PBXFileReference; lastKnownFileType = sourcecode.swift; path = calculatorTests.swift; sourceTree = "<group>"; };
		9ED202762972878A00C454DF /* simpleCalculatorUITests.xctest */ = {isa = PBXFileReference; explicitFileType = wrapper.cfbundle; includeInIndex = 0; path = simpleCalculatorUITests.xctest; sourceTree = BUILT_PRODUCTS_DIR; };
		9ED202782972878A00C454DF /* simpleCalculatorUITests.swift */ = {isa = PBXFileReference; lastKnownFileType = sourcecode.swift; path = simpleCalculatorUITests.swift; sourceTree = "<group>"; };
		9ED2027A2972878A00C454DF /* simpleCalculatorUITestsLaunchTests.swift */ = {isa = PBXFileReference; lastKnownFileType = sourcecode.swift; path = simpleCalculatorUITestsLaunchTests.swift; sourceTree = "<group>"; };
/* End PBXFileReference section */

/* Begin PBXFrameworksBuildPhase section */
		9E21DB8C296C3E6100A1767D /* Frameworks */ = {
			isa = PBXFrameworksBuildPhase;
			buildActionMask = 2147483647;
			files = (
			);
			runOnlyForDeploymentPostprocessing = 0;
		};
		9ED202642972852500C454DF /* Frameworks */ = {
			isa = PBXFrameworksBuildPhase;
			buildActionMask = 2147483647;
			files = (
			);
			runOnlyForDeploymentPostprocessing = 0;
		};
		9ED202732972878A00C454DF /* Frameworks */ = {
			isa = PBXFrameworksBuildPhase;
			buildActionMask = 2147483647;
			files = (
			);
			runOnlyForDeploymentPostprocessing = 0;
		};
/* End PBXFrameworksBuildPhase section */

/* Begin PBXGroup section */
		9E21DB86296C3E6100A1767D = {
			isa = PBXGroup;
			children = (
				9E21DB91296C3E6100A1767D /* moarButtons */,
				9ED202682972852500C454DF /* simpleCalculatorTests */,
				9ED202772972878A00C454DF /* simpleCalculatorUITests */,
				9E21DB90296C3E6100A1767D /* Products */,
			);
			sourceTree = "<group>";
		};
		9E21DB90296C3E6100A1767D /* Products */ = {
			isa = PBXGroup;
			children = (
				9E21DB8F296C3E6100A1767D /* moarButtons.app */,
				9ED202672972852500C454DF /* simpleCalculatorTests.xctest */,
				9ED202762972878A00C454DF /* simpleCalculatorUITests.xctest */,
			);
			name = Products;
			sourceTree = "<group>";
		};
		9E21DB91296C3E6100A1767D /* moarButtons */ = {
			isa = PBXGroup;
			children = (
				9E21DB92296C3E6100A1767D /* AppDelegate.swift */,
				9E21DB94296C3E6100A1767D /* SceneDelegate.swift */,
				9E21DB96296C3E6100A1767D /* ViewController.swift */,
				9E21DB98296C3E6100A1767D /* Main.storyboard */,
				9E21DB9B296C3E6500A1767D /* Assets.xcassets */,
				9E21DB9D296C3E6500A1767D /* LaunchScreen.storyboard */,
				9E21DBA0296C3E6500A1767D /* Info.plist */,
			);
			path = moarButtons;
			sourceTree = "<group>";
		};
		9ED202682972852500C454DF /* simpleCalculatorTests */ = {
			isa = PBXGroup;
			children = (
				9ED202692972852500C454DF /* simpleCalculatorTests.swift */,
				9ED202702972858500C454DF /* calculatorTests.swift */,
			);
			path = simpleCalculatorTests;
			sourceTree = "<group>";
		};
		9ED202772972878A00C454DF /* simpleCalculatorUITests */ = {
			isa = PBXGroup;
			children = (
				9ED202782972878A00C454DF /* simpleCalculatorUITests.swift */,
				9ED2027A2972878A00C454DF /* simpleCalculatorUITestsLaunchTests.swift */,
			);
			path = simpleCalculatorUITests;
			sourceTree = "<group>";
		};
/* End PBXGroup section */

/* Begin PBXNativeTarget section */
		9E21DB8E296C3E6100A1767D /* moarButtons */ = {
			isa = PBXNativeTarget;
			buildConfigurationList = 9E21DBA3296C3E6500A1767D /* Build configuration list for PBXNativeTarget "moarButtons" */;
			buildPhases = (
				9E21DB8B296C3E6100A1767D /* Sources */,
				9E21DB8C296C3E6100A1767D /* Frameworks */,
				9E21DB8D296C3E6100A1767D /* Resources */,
			);
			buildRules = (
			);
			dependencies = (
			);
			name = moarButtons;
			productName = moarButtons;
			productReference = 9E21DB8F296C3E6100A1767D /* moarButtons.app */;
			productType = "com.apple.product-type.application";
		};
		9ED202662972852500C454DF /* simpleCalculatorTests */ = {
			isa = PBXNativeTarget;
			buildConfigurationList = 9ED2026F2972852500C454DF /* Build configuration list for PBXNativeTarget "simpleCalculatorTests" */;
			buildPhases = (
				9ED202632972852500C454DF /* Sources */,
				9ED202642972852500C454DF /* Frameworks */,
				9ED202652972852500C454DF /* Resources */,
			);
			buildRules = (
			);
			dependencies = (
				9ED2026C2972852500C454DF /* PBXTargetDependency */,
			);
			name = simpleCalculatorTests;
			productName = simpleCalculatorTests;
			productReference = 9ED202672972852500C454DF /* simpleCalculatorTests.xctest */;
			productType = "com.apple.product-type.bundle.unit-test";
		};
		9ED202752972878A00C454DF /* simpleCalculatorUITests */ = {
			isa = PBXNativeTarget;
			buildConfigurationList = 9ED2027E2972878A00C454DF /* Build configuration list for PBXNativeTarget "simpleCalculatorUITests" */;
			buildPhases = (
				9ED202722972878A00C454DF /* Sources */,
				9ED202732972878A00C454DF /* Frameworks */,
				9ED202742972878A00C454DF /* Resources */,
			);
			buildRules = (
			);
			dependencies = (
				9ED2027D2972878A00C454DF /* PBXTargetDependency */,
			);
			name = simpleCalculatorUITests;
			productName = simpleCalculatorUITests;
			productReference = 9ED202762972878A00C454DF /* simpleCalculatorUITests.xctest */;
			productType = "com.apple.product-type.bundle.ui-testing";
		};
/* End PBXNativeTarget section */

/* Begin PBXProject section */
		9E21DB87296C3E6100A1767D /* Project object */ = {
			isa = PBXProject;
			attributes = {
				BuildIndependentTargetsInParallel = 1;
				LastSwiftUpdateCheck = 1300;
				LastUpgradeCheck = 1300;
				TargetAttributes = {
					9E21DB8E296C3E6100A1767D = {
						CreatedOnToolsVersion = 13.0;
					};
					9ED202662972852500C454DF = {
						CreatedOnToolsVersion = 13.0;
						TestTargetID = 9E21DB8E296C3E6100A1767D;
					};
					9ED202752972878A00C454DF = {
						CreatedOnToolsVersion = 13.0;
						TestTargetID = 9E21DB8E296C3E6100A1767D;
					};
				};
			};
			buildConfigurationList = 9E21DB8A296C3E6100A1767D /* Build configuration list for PBXProject "moarButtons" */;
			compatibilityVersion = "Xcode 13.0";
			developmentRegion = en;
			hasScannedForEncodings = 0;
			knownRegions = (
				en,
				Base,
			);
			mainGroup = 9E21DB86296C3E6100A1767D;
			productRefGroup = 9E21DB90296C3E6100A1767D /* Products */;
			projectDirPath = "";
			projectRoot = "";
			targets = (
				9E21DB8E296C3E6100A1767D /* moarButtons */,
				9ED202662972852500C454DF /* simpleCalculatorTests */,
				9ED202752972878A00C454DF /* simpleCalculatorUITests */,
			);
		};
/* End PBXProject section */

/* Begin PBXResourcesBuildPhase section */
		9E21DB8D296C3E6100A1767D /* Resources */ = {
			isa = PBXResourcesBuildPhase;
			buildActionMask = 2147483647;
			files = (
				9E21DB9F296C3E6500A1767D /* LaunchScreen.storyboard in Resources */,
				9E21DB9C296C3E6500A1767D /* Assets.xcassets in Resources */,
				9E21DB9A296C3E6100A1767D /* Main.storyboard in Resources */,
			);
			runOnlyForDeploymentPostprocessing = 0;
		};
		9ED202652972852500C454DF /* Resources */ = {
			isa = PBXResourcesBuildPhase;
			buildActionMask = 2147483647;
			files = (
			);
			runOnlyForDeploymentPostprocessing = 0;
		};
		9ED202742972878A00C454DF /* Resources */ = {
			isa = PBXResourcesBuildPhase;
			buildActionMask = 2147483647;
			files = (
			);
			runOnlyForDeploymentPostprocessing = 0;
		};
/* End PBXResourcesBuildPhase section */

/* Begin PBXSourcesBuildPhase section */
		9E21DB8B296C3E6100A1767D /* Sources */ = {
			isa = PBXSourcesBuildPhase;
			buildActionMask = 2147483647;
			files = (
				9E21DB97296C3E6100A1767D /* ViewController.swift in Sources */,
				9E21DB93296C3E6100A1767D /* AppDelegate.swift in Sources */,
				9E21DB95296C3E6100A1767D /* SceneDelegate.swift in Sources */,
			);
			runOnlyForDeploymentPostprocessing = 0;
		};
		9ED202632972852500C454DF /* Sources */ = {
			isa = PBXSourcesBuildPhase;
			buildActionMask = 2147483647;
			files = (
				9ED2026A2972852500C454DF /* simpleCalculatorTests.swift in Sources */,
				9ED202712972858500C454DF /* calculatorTests.swift in Sources */,
			);
			runOnlyForDeploymentPostprocessing = 0;
		};
		9ED202722972878A00C454DF /* Sources */ = {
			isa = PBXSourcesBuildPhase;
			buildActionMask = 2147483647;
			files = (
				9ED2027B2972878A00C454DF /* simpleCalculatorUITestsLaunchTests.swift in Sources */,
				9ED202792972878A00C454DF /* simpleCalculatorUITests.swift in Sources */,
			);
			runOnlyForDeploymentPostprocessing = 0;
		};
/* End PBXSourcesBuildPhase section */

/* Begin PBXTargetDependency section */
		9ED2026C2972852500C454DF /* PBXTargetDependency */ = {
			isa = PBXTargetDependency;
			target = 9E21DB8E296C3E6100A1767D /* moarButtons */;
			targetProxy = 9ED2026B2972852500C454DF /* PBXContainerItemProxy */;
		};
		9ED2027D2972878A00C454DF /* PBXTargetDependency */ = {
			isa = PBXTargetDependency;
			target = 9E21DB8E296C3E6100A1767D /* moarButtons */;
			targetProxy = 9ED2027C2972878A00C454DF /* PBXContainerItemProxy */;
		};
/* End PBXTargetDependency section */

/* Begin PBXVariantGroup section */
		9E21DB98296C3E6100A1767D /* Main.storyboard */ = {
			isa = PBXVariantGroup;
			children = (
				9E21DB99296C3E6100A1767D /* Base */,
			);
			name = Main.storyboard;
			sourceTree = "<group>";
		};
		9E21DB9D296C3E6500A1767D /* LaunchScreen.storyboard */ = {
			isa = PBXVariantGroup;
			children = (
				9E21DB9E296C3E6500A1767D /* Base */,
			);
			name = LaunchScreen.storyboard;
			sourceTree = "<group>";
		};
/* End PBXVariantGroup section */

/* Begin XCBuildConfiguration section */
		9E21DBA1296C3E6500A1767D /* Debug */ = {
			isa = XCBuildConfiguration;
			buildSettings = {
				ALWAYS_SEARCH_USER_PATHS = NO;
				CLANG_ANALYZER_NONNULL = YES;
				CLANG_ANALYZER_NUMBER_OBJECT_CONVERSION = YES_AGGRESSIVE;
				CLANG_CXX_LANGUAGE_STANDARD = "gnu++17";
				CLANG_CXX_LIBRARY = "libc++";
				CLANG_ENABLE_MODULES = YES;
				CLANG_ENABLE_OBJC_ARC = YES;
				CLANG_ENABLE_OBJC_WEAK = YES;
				CLANG_WARN_BLOCK_CAPTURE_AUTORELEASING = YES;
				CLANG_WARN_BOOL_CONVERSION = YES;
				CLANG_WARN_COMMA = YES;
				CLANG_WARN_CONSTANT_CONVERSION = YES;
				CLANG_WARN_DEPRECATED_OBJC_IMPLEMENTATIONS = YES;
				CLANG_WARN_DIRECT_OBJC_ISA_USAGE = YES_ERROR;
				CLANG_WARN_DOCUMENTATION_COMMENTS = YES;
				CLANG_WARN_EMPTY_BODY = YES;
				CLANG_WARN_ENUM_CONVERSION = YES;
				CLANG_WARN_INFINITE_RECURSION = YES;
				CLANG_WARN_INT_CONVERSION = YES;
				CLANG_WARN_NON_LITERAL_NULL_CONVERSION = YES;
				CLANG_WARN_OBJC_IMPLICIT_RETAIN_SELF = YES;
				CLANG_WARN_OBJC_LITERAL_CONVERSION = YES;
				CLANG_WARN_OBJC_ROOT_CLASS = YES_ERROR;
				CLANG_WARN_QUOTED_INCLUDE_IN_FRAMEWORK_HEADER = YES;
				CLANG_WARN_RANGE_LOOP_ANALYSIS = YES;
				CLANG_WARN_STRICT_PROTOTYPES = YES;
				CLANG_WARN_SUSPICIOUS_MOVE = YES;
				CLANG_WARN_UNGUARDED_AVAILABILITY = YES_AGGRESSIVE;
				CLANG_WARN_UNREACHABLE_CODE = YES;
				CLANG_WARN__DUPLICATE_METHOD_MATCH = YES;
				COPY_PHASE_STRIP = NO;
				DEBUG_INFORMATION_FORMAT = dwarf;
				ENABLE_STRICT_OBJC_MSGSEND = YES;
				ENABLE_TESTABILITY = YES;
				GCC_C_LANGUAGE_STANDARD = gnu11;
				GCC_DYNAMIC_NO_PIC = NO;
				GCC_NO_COMMON_BLOCKS = YES;
				GCC_OPTIMIZATION_LEVEL = 0;
				GCC_PREPROCESSOR_DEFINITIONS = (
					"DEBUG=1",
					"$(inherited)",
				);
				GCC_WARN_64_TO_32_BIT_CONVERSION = YES;
				GCC_WARN_ABOUT_RETURN_TYPE = YES_ERROR;
				GCC_WARN_UNDECLARED_SELECTOR = YES;
				GCC_WARN_UNINITIALIZED_AUTOS = YES_AGGRESSIVE;
				GCC_WARN_UNUSED_FUNCTION = YES;
				GCC_WARN_UNUSED_VARIABLE = YES;
				IPHONEOS_DEPLOYMENT_TARGET = 15.0;
				MTL_ENABLE_DEBUG_INFO = INCLUDE_SOURCE;
				MTL_FAST_MATH = YES;
				ONLY_ACTIVE_ARCH = YES;
				SDKROOT = iphoneos;
				SWIFT_ACTIVE_COMPILATION_CONDITIONS = DEBUG;
				SWIFT_OPTIMIZATION_LEVEL = "-Onone";
			};
			name = Debug;
		};
		9E21DBA2296C3E6500A1767D /* Release */ = {
			isa = XCBuildConfiguration;
			buildSettings = {
				ALWAYS_SEARCH_USER_PATHS = NO;
				CLANG_ANALYZER_NONNULL = YES;
				CLANG_ANALYZER_NUMBER_OBJECT_CONVERSION = YES_AGGRESSIVE;
				CLANG_CXX_LANGUAGE_STANDARD = "gnu++17";
				CLANG_CXX_LIBRARY = "libc++";
				CLANG_ENABLE_MODULES = YES;
				CLANG_ENABLE_OBJC_ARC = YES;
				CLANG_ENABLE_OBJC_WEAK = YES;
				CLANG_WARN_BLOCK_CAPTURE_AUTORELEASING = YES;
				CLANG_WARN_BOOL_CONVERSION = YES;
				CLANG_WARN_COMMA = YES;
				CLANG_WARN_CONSTANT_CONVERSION = YES;
				CLANG_WARN_DEPRECATED_OBJC_IMPLEMENTATIONS = YES;
				CLANG_WARN_DIRECT_OBJC_ISA_USAGE = YES_ERROR;
				CLANG_WARN_DOCUMENTATION_COMMENTS = YES;
				CLANG_WARN_EMPTY_BODY = YES;
				CLANG_WARN_ENUM_CONVERSION = YES;
				CLANG_WARN_INFINITE_RECURSION = YES;
				CLANG_WARN_INT_CONVERSION = YES;
				CLANG_WARN_NON_LITERAL_NULL_CONVERSION = YES;
				CLANG_WARN_OBJC_IMPLICIT_RETAIN_SELF = YES;
				CLANG_WARN_OBJC_LITERAL_CONVERSION = YES;
				CLANG_WARN_OBJC_ROOT_CLASS = YES_ERROR;
				CLANG_WARN_QUOTED_INCLUDE_IN_FRAMEWORK_HEADER = YES;
				CLANG_WARN_RANGE_LOOP_ANALYSIS = YES;
				CLANG_WARN_STRICT_PROTOTYPES = YES;
				CLANG_WARN_SUSPICIOUS_MOVE = YES;
				CLANG_WARN_UNGUARDED_AVAILABILITY = YES_AGGRESSIVE;
				CLANG_WARN_UNREACHABLE_CODE = YES;
				CLANG_WARN__DUPLICATE_METHOD_MATCH = YES;
				COPY_PHASE_STRIP = NO;
				DEBUG_INFORMATION_FORMAT = "dwarf-with-dsym";
				ENABLE_NS_ASSERTIONS = NO;
				ENABLE_STRICT_OBJC_MSGSEND = YES;
				GCC_C_LANGUAGE_STANDARD = gnu11;
				GCC_NO_COMMON_BLOCKS = YES;
				GCC_WARN_64_TO_32_BIT_CONVERSION = YES;
				GCC_WARN_ABOUT_RETURN_TYPE = YES_ERROR;
				GCC_WARN_UNDECLARED_SELECTOR = YES;
				GCC_WARN_UNINITIALIZED_AUTOS = YES_AGGRESSIVE;
				GCC_WARN_UNUSED_FUNCTION = YES;
				GCC_WARN_UNUSED_VARIABLE = YES;
				IPHONEOS_DEPLOYMENT_TARGET = 15.0;
				MTL_ENABLE_DEBUG_INFO = NO;
				MTL_FAST_MATH = YES;
				SDKROOT = iphoneos;
				SWIFT_COMPILATION_MODE = wholemodule;
				SWIFT_OPTIMIZATION_LEVEL = "-O";
				VALIDATE_PRODUCT = YES;
			};
			name = Release;
		};
		9E21DBA4296C3E6500A1767D /* Debug */ = {
			isa = XCBuildConfiguration;
			buildSettings = {
				ASSETCATALOG_COMPILER_APPICON_NAME = AppIcon;
				ASSETCATALOG_COMPILER_GLOBAL_ACCENT_COLOR_NAME = AccentColor;
				CODE_SIGN_STYLE = Automatic;
				CURRENT_PROJECT_VERSION = 1;
				GENERATE_INFOPLIST_FILE = YES;
				INFOPLIST_FILE = moarButtons/Info.plist;
				INFOPLIST_KEY_UIApplicationSupportsIndirectInputEvents = YES;
				INFOPLIST_KEY_UILaunchStoryboardName = LaunchScreen;
				INFOPLIST_KEY_UIMainStoryboardFile = Main;
				INFOPLIST_KEY_UISupportedInterfaceOrientations_iPad = "UIInterfaceOrientationPortrait UIInterfaceOrientationPortraitUpsideDown UIInterfaceOrientationLandscapeLeft UIInterfaceOrientationLandscapeRight";
				INFOPLIST_KEY_UISupportedInterfaceOrientations_iPhone = "UIInterfaceOrientationPortrait UIInterfaceOrientationLandscapeLeft UIInterfaceOrientationLandscapeRight";
				LD_RUNPATH_SEARCH_PATHS = (
					"$(inherited)",
					"@executable_path/Frameworks",
				);
				MARKETING_VERSION = 1.0;
				PRODUCT_BUNDLE_IDENTIFIER = "-2.moarButtons";
				PRODUCT_NAME = "$(TARGET_NAME)";
				SWIFT_EMIT_LOC_STRINGS = YES;
				SWIFT_VERSION = 5.0;
				TARGETED_DEVICE_FAMILY = "1,2";
			};
			name = Debug;
		};
		9E21DBA5296C3E6500A1767D /* Release */ = {
			isa = XCBuildConfiguration;
			buildSettings = {
				ASSETCATALOG_COMPILER_APPICON_NAME = AppIcon;
				ASSETCATALOG_COMPILER_GLOBAL_ACCENT_COLOR_NAME = AccentColor;
				CODE_SIGN_STYLE = Automatic;
				CURRENT_PROJECT_VERSION = 1;
				GENERATE_INFOPLIST_FILE = YES;
				INFOPLIST_FILE = moarButtons/Info.plist;
				INFOPLIST_KEY_UIApplicationSupportsIndirectInputEvents = YES;
				INFOPLIST_KEY_UILaunchStoryboardName = LaunchScreen;
				INFOPLIST_KEY_UIMainStoryboardFile = Main;
				INFOPLIST_KEY_UISupportedInterfaceOrientations_iPad = "UIInterfaceOrientationPortrait UIInterfaceOrientationPortraitUpsideDown UIInterfaceOrientationLandscapeLeft UIInterfaceOrientationLandscapeRight";
				INFOPLIST_KEY_UISupportedInterfaceOrientations_iPhone = "UIInterfaceOrientationPortrait UIInterfaceOrientationLandscapeLeft UIInterfaceOrientationLandscapeRight";
				LD_RUNPATH_SEARCH_PATHS = (
					"$(inherited)",
					"@executable_path/Frameworks",
				);
				MARKETING_VERSION = 1.0;
				PRODUCT_BUNDLE_IDENTIFIER = "-2.moarButtons";
				PRODUCT_NAME = "$(TARGET_NAME)";
				SWIFT_EMIT_LOC_STRINGS = YES;
				SWIFT_VERSION = 5.0;
				TARGETED_DEVICE_FAMILY = "1,2";
			};
			name = Release;
		};
		9ED2026D2972852500C454DF /* Debug */ = {
			isa = XCBuildConfiguration;
			buildSettings = {
				BUNDLE_LOADER = "$(TEST_HOST)";
				CODE_SIGN_STYLE = Automatic;
				CURRENT_PROJECT_VERSION = 1;
				GENERATE_INFOPLIST_FILE = YES;
				LD_RUNPATH_SEARCH_PATHS = (
					"$(inherited)",
					"@executable_path/Frameworks",
					"@loader_path/Frameworks",
				);
				MARKETING_VERSION = 1.0;
				PRODUCT_BUNDLE_IDENTIFIER = "-2.simpleCalculatorTests";
				PRODUCT_NAME = "$(TARGET_NAME)";
				SWIFT_EMIT_LOC_STRINGS = NO;
				SWIFT_VERSION = 5.0;
				TARGETED_DEVICE_FAMILY = "1,2";
				TEST_HOST = "$(BUILT_PRODUCTS_DIR)/moarButtons.app/moarButtons";
			};
			name = Debug;
		};
		9ED2026E2972852500C454DF /* Release */ = {
			isa = XCBuildConfiguration;
			buildSettings = {
				BUNDLE_LOADER = "$(TEST_HOST)";
				CODE_SIGN_STYLE = Automatic;
				CURRENT_PROJECT_VERSION = 1;
				GENERATE_INFOPLIST_FILE = YES;
				LD_RUNPATH_SEARCH_PATHS = (
					"$(inherited)",
					"@executable_path/Frameworks",
					"@loader_path/Frameworks",
				);
				MARKETING_VERSION = 1.0;
				PRODUCT_BUNDLE_IDENTIFIER = "-2.simpleCalculatorTests";
				PRODUCT_NAME = "$(TARGET_NAME)";
				SWIFT_EMIT_LOC_STRINGS = NO;
				SWIFT_VERSION = 5.0;
				TARGETED_DEVICE_FAMILY = "1,2";
				TEST_HOST = "$(BUILT_PRODUCTS_DIR)/moarButtons.app/moarButtons";
			};
			name = Release;
		};
		9ED2027F2972878A00C454DF /* Debug */ = {
			isa = XCBuildConfiguration;
			buildSettings = {
				CODE_SIGN_STYLE = Automatic;
				CURRENT_PROJECT_VERSION = 1;
				GENERATE_INFOPLIST_FILE = YES;
				LD_RUNPATH_SEARCH_PATHS = (
					"$(inherited)",
					"@executable_path/Frameworks",
					"@loader_path/Frameworks",
				);
				MARKETING_VERSION = 1.0;
				PRODUCT_BUNDLE_IDENTIFIER = "-2.simpleCalculatorUITests";
				PRODUCT_NAME = "$(TARGET_NAME)";
				SWIFT_EMIT_LOC_STRINGS = NO;
				SWIFT_VERSION = 5.0;
				TARGETED_DEVICE_FAMILY = "1,2";
				TEST_TARGET_NAME = moarButtons;
			};
			name = Debug;
		};
		9ED202802972878A00C454DF /* Release */ = {
			isa = XCBuildConfiguration;
			buildSettings = {
				CODE_SIGN_STYLE = Automatic;
				CURRENT_PROJECT_VERSION = 1;
				GENERATE_INFOPLIST_FILE = YES;
				LD_RUNPATH_SEARCH_PATHS = (
					"$(inherited)",
					"@executable_path/Frameworks",
					"@loader_path/Frameworks",
				);
				MARKETING_VERSION = 1.0;
				PRODUCT_BUNDLE_IDENTIFIER = "-2.simpleCalculatorUITests";
				PRODUCT_NAME = "$(TARGET_NAME)";
				SWIFT_EMIT_LOC_STRINGS = NO;
				SWIFT_VERSION = 5.0;
				TARGETED_DEVICE_FAMILY = "1,2";
				TEST_TARGET_NAME = moarButtons;
			};
			name = Release;
		};
/* End XCBuildConfiguration section */

/* Begin XCConfigurationList section */
		9E21DB8A296C3E6100A1767D /* Build configuration list for PBXProject "moarButtons" */ = {
			isa = XCConfigurationList;
			buildConfigurations = (
				9E21DBA1296C3E6500A1767D /* Debug */,
				9E21DBA2296C3E6500A1767D /* Release */,
			);
			defaultConfigurationIsVisible = 0;
			defaultConfigurationName = Release;
		};
		9E21DBA3296C3E6500A1767D /* Build configuration list for PBXNativeTarget "moarButtons" */ = {
			isa = XCConfigurationList;
			buildConfigurations = (
				9E21DBA4296C3E6500A1767D /* Debug */,
				9E21DBA5296C3E6500A1767D /* Release */,
			);
			defaultConfigurationIsVisible = 0;
			defaultConfigurationName = Release;
		};
		9ED2026F2972852500C454DF /* Build configuration list for PBXNativeTarget "simpleCalculatorTests" */ = {
			isa = XCConfigurationList;
			buildConfigurations = (
				9ED2026D2972852500C454DF /* Debug */,
				9ED2026E2972852500C454DF /* Release */,
			);
			defaultConfigurationIsVisible = 0;
			defaultConfigurationName = Release;
		};
		9ED2027E2972878A00C454DF /* Build configuration list for PBXNativeTarget "simpleCalculatorUITests" */ = {
			isa = XCConfigurationList;
			buildConfigurations = (
				9ED2027F2972878A00C454DF /* Debug */,
				9ED202802972878A00C454DF /* Release */,
			);
			defaultConfigurationIsVisible = 0;
			defaultConfigurationName = Release;
		};
/* End XCConfigurationList section */
	};
	rootObject = 9E21DB87296C3E6100A1767D /* Project object */;
}
